
Microsoft Visual Studio Solution File, Format Version 12.00
# Visual Studio 2013
VisualStudioVersion = 12.0.21005.1
MinimumVisualStudioVersion = 10.0.40219.1
Project("{8BC9CEB8-8B4A-11D0-8D11-00A0C91BC942}") = "gisTools", "gisTools\gisTools.vcxproj", "{E5DA2D38-E736-4619-8D0B-D4DE27F34BD7}"
EndProject
Project("{8BC9CEB8-8B4A-11D0-8D11-00A0C91BC942}") = "testGisTools", "testGisTools\testGisTools.vcxproj", "{6FBB2AFD-8B29-4ECC-A545-0BAE1C2CB353}"
EndProject
Project("{8BC9CEB8-8B4A-11D0-8D11-00A0C91BC942}") = "vendors", "vendors\vendors.vcxproj", "{B6582166-CF21-4ABE-9A64-674C1411018F}"
EndProject
Project("{8BC9CEB8-8B4A-11D0-8D11-00A0C91BC942}") = "common", "common\common.vcxproj", "{DE3FABA0-FF0D-46D2-92F0-BC5F207FD5D8}"
EndProject
Project("{2150E333-8FDC-42A3-9474-1A3956D46DE8}") = "Solution Items", "Solution Items", "{DD9D3F2D-F982-4074-B0BC-C106829407E3}"
EndProject
Project("{8BC9CEB8-8B4A-11D0-8D11-00A0C91BC942}") = "UnitTests", "UnitTests\UnitTests.vcxproj", "{8C16E5FC-C73F-4583-820C-C6102C64C704}"
	ProjectSection(ProjectDependencies) = postProject
		{E5DA2D38-E736-4619-8D0B-D4DE27F34BD7} = {E5DA2D38-E736-4619-8D0B-D4DE27F34BD7}
	EndProjectSection
EndProject
Global
	GlobalSection(TeamFoundationVersionControl) = preSolution
		SccNumberOfProjects = 6
		SccEnterpriseProvider = {4CA58AB2-18FA-4F8D-95D4-32DDF27D184C}
		SccTeamFoundationServer = https://andriybun.visualstudio.com/defaultcollection
		SccLocalPath0 = .
		SccProjectUniqueName1 = common\\common.vcxproj
		SccProjectName1 = common
		SccLocalPath1 = common
		SccProjectUniqueName2 = gisTools\\gisTools.vcxproj
		SccProjectName2 = gisTools
		SccLocalPath2 = gisTools
		SccProjectUniqueName3 = testGisTools\\testGisTools.vcxproj
		SccProjectName3 = testGisTools
		SccLocalPath3 = testGisTools
		SccProjectUniqueName4 = UnitTests\\UnitTests.vcxproj
		SccProjectName4 = UnitTests
		SccLocalPath4 = UnitTests
		SccProjectUniqueName5 = vendors\\vendors.vcxproj
		SccProjectName5 = vendors
		SccLocalPath5 = vendors
	EndGlobalSection
	GlobalSection(SolutionConfigurationPlatforms) = preSolution
		Debug|Win32 = Debug|Win32
		Release|Win32 = Release|Win32
	EndGlobalSection
	GlobalSection(ProjectConfigurationPlatforms) = postSolution
		{E5DA2D38-E736-4619-8D0B-D4DE27F34BD7}.Debug|Win32.ActiveCfg = Debug|Win32
		{E5DA2D38-E736-4619-8D0B-D4DE27F34BD7}.Debug|Win32.Build.0 = Debug|Win32
		{E5DA2D38-E736-4619-8D0B-D4DE27F34BD7}.Release|Win32.ActiveCfg = Release|Win32
		{E5DA2D38-E736-4619-8D0B-D4DE27F34BD7}.Release|Win32.Build.0 = Release|Win32
		{6FBB2AFD-8B29-4ECC-A545-0BAE1C2CB353}.Debug|Win32.ActiveCfg = Debug|Win32
		{6FBB2AFD-8B29-4ECC-A545-0BAE1C2CB353}.Debug|Win32.Build.0 = Debug|Win32
		{6FBB2AFD-8B29-4ECC-A545-0BAE1C2CB353}.Release|Win32.ActiveCfg = Release|Win32
		{6FBB2AFD-8B29-4ECC-A545-0BAE1C2CB353}.Release|Win32.Build.0 = Release|Win32
		{B6582166-CF21-4ABE-9A64-674C1411018F}.Debug|Win32.ActiveCfg = Debug|Win32
		{B6582166-CF21-4ABE-9A64-674C1411018F}.Debug|Win32.Build.0 = Debug|Win32
		{B6582166-CF21-4ABE-9A64-674C1411018F}.Release|Win32.ActiveCfg = Release|Win32
		{B6582166-CF21-4ABE-9A64-674C1411018F}.Release|Win32.Build.0 = Release|Win32
		{DE3FABA0-FF0D-46D2-92F0-BC5F207FD5D8}.Debug|Win32.ActiveCfg = Debug|Win32
		{DE3FABA0-FF0D-46D2-92F0-BC5F207FD5D8}.Debug|Win32.Build.0 = Debug|Win32
		{DE3FABA0-FF0D-46D2-92F0-BC5F207FD5D8}.Release|Win32.ActiveCfg = Release|Win32
		{DE3FABA0-FF0D-46D2-92F0-BC5F207FD5D8}.Release|Win32.Build.0 = Release|Win32
		{8C16E5FC-C73F-4583-820C-C6102C64C704}.Debug|Win32.ActiveCfg = Debug|Win32
		{8C16E5FC-C73F-4583-820C-C6102C64C704}.Debug|Win32.Build.0 = Debug|Win32
		{8C16E5FC-C73F-4583-820C-C6102C64C704}.Release|Win32.ActiveCfg = Release|Win32
		{8C16E5FC-C73F-4583-820C-C6102C64C704}.Release|Win32.Build.0 = Release|Win32
	EndGlobalSection
	GlobalSection(SolutionProperties) = preSolution
		HideSolutionNode = FALSE
	EndGlobalSection
	GlobalSection(Performance) = preSolution
		HasPerformanceSessions = true
	EndGlobalSection
EndGlobal
